
Microsoft Visual Studio Solution File, Format Version 12.00
# Visual Studio 15
VisualStudioVersion = 15.0.27130.2027
MinimumVisualStudioVersion = 10.0.40219.1
Project("{FAE04EC0-301F-11D3-BF4B-00C04F79EFBC}") = "Prism.Logging.NLog", "Prism.Logging.NLog\Prism.Logging.NLog.csproj", "{8DB4A59C-E09B-4678-97C9-CD285499E871}"
EndProject
Global
	GlobalSection(SolutionConfigurationPlatforms) = preSolution
		Debug|Any CPU = Debug|Any CPU
		Release|Any CPU = Release|Any CPU
	EndGlobalSection
	GlobalSection(ProjectConfigurationPlatforms) = postSolution
		{8DB4A59C-E09B-4678-97C9-CD285499E871}.Debug|Any CPU.ActiveCfg = Debug|Any CPU
		{8DB4A59C-E09B-4678-97C9-CD285499E871}.Debug|Any CPU.Build.0 = Debug|Any CPU
		{8DB4A59C-E09B-4678-97C9-CD285499E871}.Release|Any CPU.ActiveCfg = Release|Any CPU
		{8DB4A59C-E09B-4678-97C9-CD285499E871}.Release|Any CPU.Build.0 = Release|Any CPU
	EndGlobalSection
	GlobalSection(SolutionProperties) = preSolution
		HideSolutionNode = FALSE
	EndGlobalSection
	GlobalSection(ExtensibilityGlobals) = postSolution
		SolutionGuid = {2DE0E92C-FC8E-4002-A978-981B82256597}
	EndGlobalSection
EndGlobal
